// !$*UTF8*$!
{
	archiveVersion = 1;
	classes = {
	};
	objectVersion = 56;
	objects = {

/* Begin PBXBuildFile section */
		4414B5762A07723D005653AE /* AddRecipeViewController.swift in Sources */ = {isa = PBXBuildFile; fileRef = 4414B5752A07723D005653AE /* AddRecipeViewController.swift */; };
		442CC03329E29B7000835AAA /* CategoriesListViewController.swift in Sources */ = {isa = PBXBuildFile; fileRef = 442CC03229E29B7000835AAA /* CategoriesListViewController.swift */; };
		442E38472A13594C00DA4486 /* RecipeListViewController.swift in Sources */ = {isa = PBXBuildFile; fileRef = 442E38462A13594C00DA4486 /* RecipeListViewController.swift */; };
		442E38492A13646100DA4486 /* RecipeCell.swift in Sources */ = {isa = PBXBuildFile; fileRef = 442E38482A13646100DA4486 /* RecipeCell.swift */; };
		442EBD1729FCE82A00BFE585 /* Setting.swift in Sources */ = {isa = PBXBuildFile; fileRef = 442EBD1629FCE82A00BFE585 /* Setting.swift */; };
		442EBD1929FCF74900BFE585 /* DataManager.swift in Sources */ = {isa = PBXBuildFile; fileRef = 442EBD1829FCF74900BFE585 /* DataManager.swift */; };
		44341EB029DEC70D00E76AD9 /* CategoryCell.swift in Sources */ = {isa = PBXBuildFile; fileRef = 44341EAF29DEC70D00E76AD9 /* CategoryCell.swift */; };
		444E268C29E511F7000A7C4B /* RecipeModel.swift in Sources */ = {isa = PBXBuildFile; fileRef = 444E268B29E511F7000A7C4B /* RecipeModel.swift */; };
		44520B8B29FD136E00AA3D38 /* TextView.swift in Sources */ = {isa = PBXBuildFile; fileRef = 44520B8A29FD136E00AA3D38 /* TextView.swift */; };
		445B44D229DD66C9006516F9 /* AppDelegate.swift in Sources */ = {isa = PBXBuildFile; fileRef = 445B44D129DD66C9006516F9 /* AppDelegate.swift */; };
		445B44D429DD66C9006516F9 /* SceneDelegate.swift in Sources */ = {isa = PBXBuildFile; fileRef = 445B44D329DD66C9006516F9 /* SceneDelegate.swift */; };
		445B44D929DD66C9006516F9 /* Main.storyboard in Resources */ = {isa = PBXBuildFile; fileRef = 445B44D729DD66C9006516F9 /* Main.storyboard */; };
		445B44DB29DD66CA006516F9 /* Assets.xcassets in Resources */ = {isa = PBXBuildFile; fileRef = 445B44DA29DD66CA006516F9 /* Assets.xcassets */; };
		445B44DE29DD66CA006516F9 /* LaunchScreen.storyboard in Resources */ = {isa = PBXBuildFile; fileRef = 445B44DC29DD66CA006516F9 /* LaunchScreen.storyboard */; };
		445B44E629DD6770006516F9 /* CategoriesViewController.swift in Sources */ = {isa = PBXBuildFile; fileRef = 445B44E529DD6770006516F9 /* CategoriesViewController.swift */; };
		446FC70D2A0E2A4200F4FE9F /* AlertController.swift in Sources */ = {isa = PBXBuildFile; fileRef = 446FC70C2A0E2A4200F4FE9F /* AlertController.swift */; };
		447C8AD82A0B6177000B1D9F /* RecipeViewController.swift in Sources */ = {isa = PBXBuildFile; fileRef = 447C8AD72A0B6177000B1D9F /* RecipeViewController.swift */; };
		44B240E329E141DE00BCD779 /* CoreDataStorage.xcdatamodeld in Sources */ = {isa = PBXBuildFile; fileRef = 44B240E129E141DE00BCD779 /* CoreDataStorage.xcdatamodeld */; };
		44B240E629E14D5600BCD779 /* StorageManager.swift in Sources */ = {isa = PBXBuildFile; fileRef = 44B240E529E14D5600BCD779 /* StorageManager.swift */; };
		44B3CFFE29DEA7210056756A /* ShoppingViewController.swift in Sources */ = {isa = PBXBuildFile; fileRef = 44B3CFFD29DEA7210056756A /* ShoppingViewController.swift */; };
/* End PBXBuildFile section */

/* Begin PBXFileReference section */
		4414B5752A07723D005653AE /* AddRecipeViewController.swift */ = {isa = PBXFileReference; lastKnownFileType = sourcecode.swift; path = AddRecipeViewController.swift; sourceTree = "<group>"; };
		442CC03229E29B7000835AAA /* CategoriesListViewController.swift */ = {isa = PBXFileReference; lastKnownFileType = sourcecode.swift; path = CategoriesListViewController.swift; sourceTree = "<group>"; };
		442E38462A13594C00DA4486 /* RecipeListViewController.swift */ = {isa = PBXFileReference; lastKnownFileType = sourcecode.swift; path = RecipeListViewController.swift; sourceTree = "<group>"; };
		442E38482A13646100DA4486 /* RecipeCell.swift */ = {isa = PBXFileReference; lastKnownFileType = sourcecode.swift; path = RecipeCell.swift; sourceTree = "<group>"; };
		442EBD1629FCE82A00BFE585 /* Setting.swift */ = {isa = PBXFileReference; lastKnownFileType = sourcecode.swift; path = Setting.swift; sourceTree = "<group>"; };
		442EBD1829FCF74900BFE585 /* DataManager.swift */ = {isa = PBXFileReference; lastKnownFileType = sourcecode.swift; path = DataManager.swift; sourceTree = "<group>"; };
		44341EAF29DEC70D00E76AD9 /* CategoryCell.swift */ = {isa = PBXFileReference; lastKnownFileType = sourcecode.swift; path = CategoryCell.swift; sourceTree = "<group>"; };
		444E268B29E511F7000A7C4B /* RecipeModel.swift */ = {isa = PBXFileReference; fileEncoding = 4; lastKnownFileType = sourcecode.swift; path = RecipeModel.swift; sourceTree = "<group>"; };
		44520B8A29FD136E00AA3D38 /* TextView.swift */ = {isa = PBXFileReference; lastKnownFileType = sourcecode.swift; path = TextView.swift; sourceTree = "<group>"; };
		445B44CE29DD66C9006516F9 /* Recipe.app */ = {isa = PBXFileReference; explicitFileType = wrapper.application; includeInIndex = 0; path = Recipe.app; sourceTree = BUILT_PRODUCTS_DIR; };
		445B44D129DD66C9006516F9 /* AppDelegate.swift */ = {isa = PBXFileReference; lastKnownFileType = sourcecode.swift; path = AppDelegate.swift; sourceTree = "<group>"; };
		445B44D329DD66C9006516F9 /* SceneDelegate.swift */ = {isa = PBXFileReference; lastKnownFileType = sourcecode.swift; path = SceneDelegate.swift; sourceTree = "<group>"; };
		445B44D829DD66C9006516F9 /* Base */ = {isa = PBXFileReference; lastKnownFileType = file.storyboard; name = Base; path = Base.lproj/Main.storyboard; sourceTree = "<group>"; };
		445B44DA29DD66CA006516F9 /* Assets.xcassets */ = {isa = PBXFileReference; lastKnownFileType = folder.assetcatalog; path = Assets.xcassets; sourceTree = "<group>"; };
		445B44DD29DD66CA006516F9 /* Base */ = {isa = PBXFileReference; lastKnownFileType = file.storyboard; name = Base; path = Base.lproj/LaunchScreen.storyboard; sourceTree = "<group>"; };
		445B44DF29DD66CA006516F9 /* Info.plist */ = {isa = PBXFileReference; lastKnownFileType = text.plist.xml; path = Info.plist; sourceTree = "<group>"; };
		445B44E529DD6770006516F9 /* CategoriesViewController.swift */ = {isa = PBXFileReference; lastKnownFileType = sourcecode.swift; path = CategoriesViewController.swift; sourceTree = "<group>"; };
		446FC70C2A0E2A4200F4FE9F /* AlertController.swift */ = {isa = PBXFileReference; lastKnownFileType = sourcecode.swift; path = AlertController.swift; sourceTree = "<group>"; };
		447C8AD72A0B6177000B1D9F /* RecipeViewController.swift */ = {isa = PBXFileReference; lastKnownFileType = sourcecode.swift; path = RecipeViewController.swift; sourceTree = "<group>"; };
		44B240E229E141DE00BCD779 /* CoreDataStorage.xcdatamodel */ = {isa = PBXFileReference; lastKnownFileType = wrapper.xcdatamodel; path = CoreDataStorage.xcdatamodel; sourceTree = "<group>"; };
		44B240E529E14D5600BCD779 /* StorageManager.swift */ = {isa = PBXFileReference; lastKnownFileType = sourcecode.swift; path = StorageManager.swift; sourceTree = "<group>"; };
		44B3CFFD29DEA7210056756A /* ShoppingViewController.swift */ = {isa = PBXFileReference; lastKnownFileType = sourcecode.swift; path = ShoppingViewController.swift; sourceTree = "<group>"; };
/* End PBXFileReference section */

/* Begin PBXFrameworksBuildPhase section */
		445B44CB29DD66C9006516F9 /* Frameworks */ = {
			isa = PBXFrameworksBuildPhase;
			buildActionMask = 2147483647;
			files = (
			);
			runOnlyForDeploymentPostprocessing = 0;
		};
/* End PBXFrameworksBuildPhase section */

/* Begin PBXGroup section */
		44341EAB29DEB3F700E76AD9 /* ViewControllers */ = {
			isa = PBXGroup;
			children = (
				4414B5752A07723D005653AE /* AddRecipeViewController.swift */,
				446FC70C2A0E2A4200F4FE9F /* AlertController.swift */,
				442CC03229E29B7000835AAA /* CategoriesListViewController.swift */,
				445B44E529DD6770006516F9 /* CategoriesViewController.swift */,
				442E38462A13594C00DA4486 /* RecipeListViewController.swift */,
				447C8AD72A0B6177000B1D9F /* RecipeViewController.swift */,
				44B3CFFD29DEA7210056756A /* ShoppingViewController.swift */,
			);
			path = ViewControllers;
			sourceTree = "<group>";
		};
		44341EAC29DEC60200E76AD9 /* Storyboards */ = {
			isa = PBXGroup;
			children = (
				445B44D729DD66C9006516F9 /* Main.storyboard */,
				445B44DC29DD66CA006516F9 /* LaunchScreen.storyboard */,
			);
			path = Storyboards;
			sourceTree = "<group>";
		};
		44341EAD29DEC64300E76AD9 /* Resources */ = {
			isa = PBXGroup;
			children = (
				445B44DA29DD66CA006516F9 /* Assets.xcassets */,
			);
			path = Resources;
			sourceTree = "<group>";
		};
		44341EAE29DEC6FA00E76AD9 /* Views */ = {
			isa = PBXGroup;
			children = (
				44341EAF29DEC70D00E76AD9 /* CategoryCell.swift */,
				442E38482A13646100DA4486 /* RecipeCell.swift */,
				44520B8A29FD136E00AA3D38 /* TextView.swift */,
			);
			path = Views;
			sourceTree = "<group>";
		};
		445B44C529DD66C9006516F9 = {
			isa = PBXGroup;
			children = (
				445B44D029DD66C9006516F9 /* Recipe */,
				445B44CF29DD66C9006516F9 /* Products */,
			);
			sourceTree = "<group>";
		};
		445B44CF29DD66C9006516F9 /* Products */ = {
			isa = PBXGroup;
			children = (
				445B44CE29DD66C9006516F9 /* Recipe.app */,
			);
			name = Products;
			sourceTree = "<group>";
		};
		445B44D029DD66C9006516F9 /* Recipe */ = {
			isa = PBXGroup;
			children = (
				447C8AD62A0B6157000B1D9F /* CodeView */,
				44B240E429E14D3900BCD779 /* Services */,
				44A79D4629DFD06500B13C1A /* Model */,
				44341EAE29DEC6FA00E76AD9 /* Views */,
				44B3CFFC29DEA6EA0056756A /* App */,
				44341EAB29DEB3F700E76AD9 /* ViewControllers */,
				44341EAC29DEC60200E76AD9 /* Storyboards */,
				44341EAD29DEC64300E76AD9 /* Resources */,
			);
			path = Recipe;
			sourceTree = "<group>";
		};
		447C8AD62A0B6157000B1D9F /* CodeView */ = {
			isa = PBXGroup;
			children = (
			);
			path = CodeView;
			sourceTree = "<group>";
		};
		44A79D4629DFD06500B13C1A /* Model */ = {
			isa = PBXGroup;
			children = (
				44B240E129E141DE00BCD779 /* CoreDataStorage.xcdatamodeld */,
				444E268B29E511F7000A7C4B /* RecipeModel.swift */,
				442EBD1629FCE82A00BFE585 /* Setting.swift */,
			);
			path = Model;
			sourceTree = "<group>";
		};
		44B240E429E14D3900BCD779 /* Services */ = {
			isa = PBXGroup;
			children = (
				44B240E529E14D5600BCD779 /* StorageManager.swift */,
				442EBD1829FCF74900BFE585 /* DataManager.swift */,
			);
			path = Services;
			sourceTree = "<group>";
		};
		44B3CFFC29DEA6EA0056756A /* App */ = {
			isa = PBXGroup;
			children = (
				445B44D129DD66C9006516F9 /* AppDelegate.swift */,
				445B44D329DD66C9006516F9 /* SceneDelegate.swift */,
				445B44DF29DD66CA006516F9 /* Info.plist */,
			);
			path = App;
			sourceTree = "<group>";
		};
/* End PBXGroup section */

/* Begin PBXNativeTarget section */
		445B44CD29DD66C9006516F9 /* Recipe */ = {
			isa = PBXNativeTarget;
			buildConfigurationList = 445B44E229DD66CA006516F9 /* Build configuration list for PBXNativeTarget "Recipe" */;
			buildPhases = (
				445B44CA29DD66C9006516F9 /* Sources */,
				445B44CB29DD66C9006516F9 /* Frameworks */,
				445B44CC29DD66C9006516F9 /* Resources */,
			);
			buildRules = (
			);
			dependencies = (
			);
			name = Recipe;
			productName = Recipe;
			productReference = 445B44CE29DD66C9006516F9 /* Recipe.app */;
			productType = "com.apple.product-type.application";
		};
/* End PBXNativeTarget section */

/* Begin PBXProject section */
		445B44C629DD66C9006516F9 /* Project object */ = {
			isa = PBXProject;
			attributes = {
				BuildIndependentTargetsInParallel = 1;
				LastSwiftUpdateCheck = 1430;
				LastUpgradeCheck = 1430;
				TargetAttributes = {
					445B44CD29DD66C9006516F9 = {
						CreatedOnToolsVersion = 14.3;
					};
				};
			};
			buildConfigurationList = 445B44C929DD66C9006516F9 /* Build configuration list for PBXProject "Recipe" */;
			compatibilityVersion = "Xcode 14.0";
			developmentRegion = en;
			hasScannedForEncodings = 0;
			knownRegions = (
				en,
				Base,
			);
			mainGroup = 445B44C529DD66C9006516F9;
			productRefGroup = 445B44CF29DD66C9006516F9 /* Products */;
			projectDirPath = "";
			projectRoot = "";
			targets = (
				445B44CD29DD66C9006516F9 /* Recipe */,
			);
		};
/* End PBXProject section */

/* Begin PBXResourcesBuildPhase section */
		445B44CC29DD66C9006516F9 /* Resources */ = {
			isa = PBXResourcesBuildPhase;
			buildActionMask = 2147483647;
			files = (
				445B44DE29DD66CA006516F9 /* LaunchScreen.storyboard in Resources */,
				445B44DB29DD66CA006516F9 /* Assets.xcassets in Resources */,
				445B44D929DD66C9006516F9 /* Main.storyboard in Resources */,
			);
			runOnlyForDeploymentPostprocessing = 0;
		};
/* End PBXResourcesBuildPhase section */

/* Begin PBXSourcesBuildPhase section */
		445B44CA29DD66C9006516F9 /* Sources */ = {
			isa = PBXSourcesBuildPhase;
			buildActionMask = 2147483647;
			files = (
				442CC03329E29B7000835AAA /* CategoriesListViewController.swift in Sources */,
				442EBD1929FCF74900BFE585 /* DataManager.swift in Sources */,
				444E268C29E511F7000A7C4B /* RecipeModel.swift in Sources */,
				4414B5762A07723D005653AE /* AddRecipeViewController.swift in Sources */,
				44B240E629E14D5600BCD779 /* StorageManager.swift in Sources */,
				442EBD1729FCE82A00BFE585 /* Setting.swift in Sources */,
				442E38472A13594C00DA4486 /* RecipeListViewController.swift in Sources */,
				44B240E329E141DE00BCD779 /* CoreDataStorage.xcdatamodeld in Sources */,
				445B44D229DD66C9006516F9 /* AppDelegate.swift in Sources */,
				44520B8B29FD136E00AA3D38 /* TextView.swift in Sources */,
				446FC70D2A0E2A4200F4FE9F /* AlertController.swift in Sources */,
				445B44D429DD66C9006516F9 /* SceneDelegate.swift in Sources */,
				442E38492A13646100DA4486 /* RecipeCell.swift in Sources */,
				447C8AD82A0B6177000B1D9F /* RecipeViewController.swift in Sources */,
				44B3CFFE29DEA7210056756A /* ShoppingViewController.swift in Sources */,
				445B44E629DD6770006516F9 /* CategoriesViewController.swift in Sources */,
				44341EB029DEC70D00E76AD9 /* CategoryCell.swift in Sources */,
			);
			runOnlyForDeploymentPostprocessing = 0;
		};
/* End PBXSourcesBuildPhase section */

/* Begin PBXVariantGroup section */
		445B44D729DD66C9006516F9 /* Main.storyboard */ = {
			isa = PBXVariantGroup;
			children = (
				445B44D829DD66C9006516F9 /* Base */,
			);
			name = Main.storyboard;
			sourceTree = "<group>";
		};
		445B44DC29DD66CA006516F9 /* LaunchScreen.storyboard */ = {
			isa = PBXVariantGroup;
			children = (
				445B44DD29DD66CA006516F9 /* Base */,
			);
			name = LaunchScreen.storyboard;
			sourceTree = "<group>";
		};
/* End PBXVariantGroup section */

/* Begin XCBuildConfiguration section */
		445B44E029DD66CA006516F9 /* Debug */ = {
			isa = XCBuildConfiguration;
			buildSettings = {
				ALWAYS_SEARCH_USER_PATHS = NO;
				CLANG_ANALYZER_NONNULL = YES;
				CLANG_ANALYZER_NUMBER_OBJECT_CONVERSION = YES_AGGRESSIVE;
				CLANG_CXX_LANGUAGE_STANDARD = "gnu++20";
				CLANG_ENABLE_MODULES = YES;
				CLANG_ENABLE_OBJC_ARC = YES;
				CLANG_ENABLE_OBJC_WEAK = YES;
				CLANG_WARN_BLOCK_CAPTURE_AUTORELEASING = YES;
				CLANG_WARN_BOOL_CONVERSION = YES;
				CLANG_WARN_COMMA = YES;
				CLANG_WARN_CONSTANT_CONVERSION = YES;
				CLANG_WARN_DEPRECATED_OBJC_IMPLEMENTATIONS = YES;
				CLANG_WARN_DIRECT_OBJC_ISA_USAGE = YES_ERROR;
				CLANG_WARN_DOCUMENTATION_COMMENTS = YES;
				CLANG_WARN_EMPTY_BODY = YES;
				CLANG_WARN_ENUM_CONVERSION = YES;
				CLANG_WARN_INFINITE_RECURSION = YES;
				CLANG_WARN_INT_CONVERSION = YES;
				CLANG_WARN_NON_LITERAL_NULL_CONVERSION = YES;
				CLANG_WARN_OBJC_IMPLICIT_RETAIN_SELF = YES;
				CLANG_WARN_OBJC_LITERAL_CONVERSION = YES;
				CLANG_WARN_OBJC_ROOT_CLASS = YES_ERROR;
				CLANG_WARN_QUOTED_INCLUDE_IN_FRAMEWORK_HEADER = YES;
				CLANG_WARN_RANGE_LOOP_ANALYSIS = YES;
				CLANG_WARN_STRICT_PROTOTYPES = YES;
				CLANG_WARN_SUSPICIOUS_MOVE = YES;
				CLANG_WARN_UNGUARDED_AVAILABILITY = YES_AGGRESSIVE;
				CLANG_WARN_UNREACHABLE_CODE = YES;
				CLANG_WARN__DUPLICATE_METHOD_MATCH = YES;
				COPY_PHASE_STRIP = NO;
				DEBUG_INFORMATION_FORMAT = dwarf;
				ENABLE_STRICT_OBJC_MSGSEND = YES;
				ENABLE_TESTABILITY = YES;
				GCC_C_LANGUAGE_STANDARD = gnu11;
				GCC_DYNAMIC_NO_PIC = NO;
				GCC_NO_COMMON_BLOCKS = YES;
				GCC_OPTIMIZATION_LEVEL = 0;
				GCC_PREPROCESSOR_DEFINITIONS = (
					"DEBUG=1",
					"$(inherited)",
				);
				GCC_WARN_64_TO_32_BIT_CONVERSION = YES;
				GCC_WARN_ABOUT_RETURN_TYPE = YES_ERROR;
				GCC_WARN_UNDECLARED_SELECTOR = YES;
				GCC_WARN_UNINITIALIZED_AUTOS = YES_AGGRESSIVE;
				GCC_WARN_UNUSED_FUNCTION = YES;
				GCC_WARN_UNUSED_VARIABLE = YES;
				IPHONEOS_DEPLOYMENT_TARGET = 16.4;
				MTL_ENABLE_DEBUG_INFO = INCLUDE_SOURCE;
				MTL_FAST_MATH = YES;
				ONLY_ACTIVE_ARCH = YES;
				SDKROOT = iphoneos;
				SWIFT_ACTIVE_COMPILATION_CONDITIONS = DEBUG;
				SWIFT_OPTIMIZATION_LEVEL = "-Onone";
			};
			name = Debug;
		};
		445B44E129DD66CA006516F9 /* Release */ = {
			isa = XCBuildConfiguration;
			buildSettings = {
				ALWAYS_SEARCH_USER_PATHS = NO;
				CLANG_ANALYZER_NONNULL = YES;
				CLANG_ANALYZER_NUMBER_OBJECT_CONVERSION = YES_AGGRESSIVE;
				CLANG_CXX_LANGUAGE_STANDARD = "gnu++20";
				CLANG_ENABLE_MODULES = YES;
				CLANG_ENABLE_OBJC_ARC = YES;
				CLANG_ENABLE_OBJC_WEAK = YES;
				CLANG_WARN_BLOCK_CAPTURE_AUTORELEASING = YES;
				CLANG_WARN_BOOL_CONVERSION = YES;
				CLANG_WARN_COMMA = YES;
				CLANG_WARN_CONSTANT_CONVERSION = YES;
				CLANG_WARN_DEPRECATED_OBJC_IMPLEMENTATIONS = YES;
				CLANG_WARN_DIRECT_OBJC_ISA_USAGE = YES_ERROR;
				CLANG_WARN_DOCUMENTATION_COMMENTS = YES;
				CLANG_WARN_EMPTY_BODY = YES;
				CLANG_WARN_ENUM_CONVERSION = YES;
				CLANG_WARN_INFINITE_RECURSION = YES;
				CLANG_WARN_INT_CONVERSION = YES;
				CLANG_WARN_NON_LITERAL_NULL_CONVERSION = YES;
				CLANG_WARN_OBJC_IMPLICIT_RETAIN_SELF = YES;
				CLANG_WARN_OBJC_LITERAL_CONVERSION = YES;
				CLANG_WARN_OBJC_ROOT_CLASS = YES_ERROR;
				CLANG_WARN_QUOTED_INCLUDE_IN_FRAMEWORK_HEADER = YES;
				CLANG_WARN_RANGE_LOOP_ANALYSIS = YES;
				CLANG_WARN_STRICT_PROTOTYPES = YES;
				CLANG_WARN_SUSPICIOUS_MOVE = YES;
				CLANG_WARN_UNGUARDED_AVAILABILITY = YES_AGGRESSIVE;
				CLANG_WARN_UNREACHABLE_CODE = YES;
				CLANG_WARN__DUPLICATE_METHOD_MATCH = YES;
				COPY_PHASE_STRIP = NO;
				DEBUG_INFORMATION_FORMAT = "dwarf-with-dsym";
				ENABLE_NS_ASSERTIONS = NO;
				ENABLE_STRICT_OBJC_MSGSEND = YES;
				GCC_C_LANGUAGE_STANDARD = gnu11;
				GCC_NO_COMMON_BLOCKS = YES;
				GCC_WARN_64_TO_32_BIT_CONVERSION = YES;
				GCC_WARN_ABOUT_RETURN_TYPE = YES_ERROR;
				GCC_WARN_UNDECLARED_SELECTOR = YES;
				GCC_WARN_UNINITIALIZED_AUTOS = YES_AGGRESSIVE;
				GCC_WARN_UNUSED_FUNCTION = YES;
				GCC_WARN_UNUSED_VARIABLE = YES;
				IPHONEOS_DEPLOYMENT_TARGET = 16.4;
				MTL_ENABLE_DEBUG_INFO = NO;
				MTL_FAST_MATH = YES;
				SDKROOT = iphoneos;
				SWIFT_COMPILATION_MODE = wholemodule;
				SWIFT_OPTIMIZATION_LEVEL = "-O";
				VALIDATE_PRODUCT = YES;
			};
			name = Release;
		};
		445B44E329DD66CA006516F9 /* Debug */ = {
			isa = XCBuildConfiguration;
			buildSettings = {
				ASSETCATALOG_COMPILER_APPICON_NAME = AppIcon;
				ASSETCATALOG_COMPILER_GLOBAL_ACCENT_COLOR_NAME = AccentColor;
				CODE_SIGN_STYLE = Automatic;
				CURRENT_PROJECT_VERSION = 1;
				DEVELOPMENT_TEAM = F5JRYMNHVM;
				GENERATE_INFOPLIST_FILE = YES;
				INFOPLIST_FILE = Recipe/App/Info.plist;
				INFOPLIST_KEY_UIApplicationSupportsIndirectInputEvents = YES;
				INFOPLIST_KEY_UILaunchStoryboardName = LaunchScreen;
				INFOPLIST_KEY_UIMainStoryboardFile = Main;
				INFOPLIST_KEY_UISupportedInterfaceOrientations_iPad = "UIInterfaceOrientationPortrait UIInterfaceOrientationPortraitUpsideDown UIInterfaceOrientationLandscapeLeft UIInterfaceOrientationLandscapeRight";
				INFOPLIST_KEY_UISupportedInterfaceOrientations_iPhone = "UIInterfaceOrientationPortrait UIInterfaceOrientationLandscapeLeft UIInterfaceOrientationLandscapeRight";
				LD_RUNPATH_SEARCH_PATHS = (
					"$(inherited)",
					"@executable_path/Frameworks",
				);
				MARKETING_VERSION = 1.0;
				PRODUCT_BUNDLE_IDENTIFIER = com.zgainer.Recipe;
				PRODUCT_NAME = "$(TARGET_NAME)";
				SUPPORTED_PLATFORMS = "iphoneos iphonesimulator";
				SUPPORTS_MACCATALYST = NO;
				SUPPORTS_MAC_DESIGNED_FOR_IPHONE_IPAD = NO;
				SWIFT_EMIT_LOC_STRINGS = YES;
				SWIFT_VERSION = 5.0;
				TARGETED_DEVICE_FAMILY = "1,2";
			};
			name = Debug;
		};
		445B44E429DD66CA006516F9 /* Release */ = {
			isa = XCBuildConfiguration;
			buildSettings = {
				ASSETCATALOG_COMPILER_APPICON_NAME = AppIcon;
				ASSETCATALOG_COMPILER_GLOBAL_ACCENT_COLOR_NAME = AccentColor;
				CODE_SIGN_STYLE = Automatic;
				CURRENT_PROJECT_VERSION = 1;
				DEVELOPMENT_TEAM = F5JRYMNHVM;
				GENERATE_INFOPLIST_FILE = YES;
				INFOPLIST_FILE = Recipe/App/Info.plist;
				INFOPLIST_KEY_UIApplicationSupportsIndirectInputEvents = YES;
				INFOPLIST_KEY_UILaunchStoryboardName = LaunchScreen;
				INFOPLIST_KEY_UIMainStoryboardFile = Main;
				INFOPLIST_KEY_UISupportedInterfaceOrientations_iPad = "UIInterfaceOrientationPortrait UIInterfaceOrientationPortraitUpsideDown UIInterfaceOrientationLandscapeLeft UIInterfaceOrientationLandscapeRight";
				INFOPLIST_KEY_UISupportedInterfaceOrientations_iPhone = "UIInterfaceOrientationPortrait UIInterfaceOrientationLandscapeLeft UIInterfaceOrientationLandscapeRight";
				LD_RUNPATH_SEARCH_PATHS = (
					"$(inherited)",
					"@executable_path/Frameworks",
				);
				MARKETING_VERSION = 1.0;
				PRODUCT_BUNDLE_IDENTIFIER = com.zgainer.Recipe;
				PRODUCT_NAME = "$(TARGET_NAME)";
				SUPPORTED_PLATFORMS = "iphoneos iphonesimulator";
				SUPPORTS_MACCATALYST = NO;
				SUPPORTS_MAC_DESIGNED_FOR_IPHONE_IPAD = NO;
				SWIFT_EMIT_LOC_STRINGS = YES;
				SWIFT_VERSION = 5.0;
				TARGETED_DEVICE_FAMILY = "1,2";
			};
			name = Release;
		};
/* End XCBuildConfiguration section */

/* Begin XCConfigurationList section */
		445B44C929DD66C9006516F9 /* Build configuration list for PBXProject "Recipe" */ = {
			isa = XCConfigurationList;
			buildConfigurations = (
				445B44E029DD66CA006516F9 /* Debug */,
				445B44E129DD66CA006516F9 /* Release */,
			);
			defaultConfigurationIsVisible = 0;
			defaultConfigurationName = Release;
		};
		445B44E229DD66CA006516F9 /* Build configuration list for PBXNativeTarget "Recipe" */ = {
			isa = XCConfigurationList;
			buildConfigurations = (
				445B44E329DD66CA006516F9 /* Debug */,
				445B44E429DD66CA006516F9 /* Release */,
			);
			defaultConfigurationIsVisible = 0;
			defaultConfigurationName = Release;
		};
/* End XCConfigurationList section */

/* Begin XCVersionGroup section */
		44B240E129E141DE00BCD779 /* CoreDataStorage.xcdatamodeld */ = {
			isa = XCVersionGroup;
			children = (
				44B240E229E141DE00BCD779 /* CoreDataStorage.xcdatamodel */,
			);
			currentVersion = 44B240E229E141DE00BCD779 /* CoreDataStorage.xcdatamodel */;
			path = CoreDataStorage.xcdatamodeld;
			sourceTree = "<group>";
			versionGroupType = wrapper.xcdatamodel;
		};
/* End XCVersionGroup section */
	};
	rootObject = 445B44C629DD66C9006516F9 /* Project object */;
}
